
Microsoft Visual Studio Solution File, Format Version 12.00
# Visual Studio Version 17
VisualStudioVersion = 17.8.34511.84
MinimumVisualStudioVersion = 10.0.40219.1
Project("{FAE04EC0-301F-11D3-BF4B-00C04F79EFBC}") = "tarea2", "tarea2\tarea2.csproj", "{59D26914-8143-4567-8254-60BCE4CA60BB}"
EndProject
Global
	GlobalSection(SolutionConfigurationPlatforms) = preSolution
		Debug|Any CPU = Debug|Any CPU
		Release|Any CPU = Release|Any CPU
	EndGlobalSection
	GlobalSection(ProjectConfigurationPlatforms) = postSolution
		{59D26914-8143-4567-8254-60BCE4CA60BB}.Debug|Any CPU.ActiveCfg = Debug|Any CPU
		{59D26914-8143-4567-8254-60BCE4CA60BB}.Debug|Any CPU.Build.0 = Debug|Any CPU
		{59D26914-8143-4567-8254-60BCE4CA60BB}.Release|Any CPU.ActiveCfg = Release|Any CPU
		{59D26914-8143-4567-8254-60BCE4CA60BB}.Release|Any CPU.Build.0 = Release|Any CPU
	EndGlobalSection
	GlobalSection(SolutionProperties) = preSolution
		HideSolutionNode = FALSE
	EndGlobalSection
	GlobalSection(ExtensibilityGlobals) = postSolution
		SolutionGuid = {2A509ED1-F93A-4E30-9D57-67CFA22AD1F5}
	EndGlobalSection
EndGlobal
